
Microsoft Visual Studio Solution File, Format Version 12.00
# Visual Studio Version 17
VisualStudioVersion = 17.14.36203.30 d17.14
MinimumVisualStudioVersion = 10.0.40219.1
Project("{FAE04EC0-301F-11D3-BF4B-00C04F79EFBC}") = "TodoMobileBff", "TodoMobileBff\TodoMobileBff.csproj", "{9B7EC3EC-8F46-40A3-9868-FF80E84AFA14}"
EndProject
Global
	GlobalSection(SolutionConfigurationPlatforms) = preSolution
		Debug|Any CPU = Debug|Any CPU
		Release|Any CPU = Release|Any CPU
	EndGlobalSection
	GlobalSection(ProjectConfigurationPlatforms) = postSolution
		{9B7EC3EC-8F46-40A3-9868-FF80E84AFA14}.Debug|Any CPU.ActiveCfg = Debug|Any CPU
		{9B7EC3EC-8F46-40A3-9868-FF80E84AFA14}.Debug|Any CPU.Build.0 = Debug|Any CPU
		{9B7EC3EC-8F46-40A3-9868-FF80E84AFA14}.Release|Any CPU.ActiveCfg = Release|Any CPU
		{9B7EC3EC-8F46-40A3-9868-FF80E84AFA14}.Release|Any CPU.Build.0 = Release|Any CPU
	EndGlobalSection
	GlobalSection(SolutionProperties) = preSolution
		HideSolutionNode = FALSE
	EndGlobalSection
	GlobalSection(ExtensibilityGlobals) = postSolution
		SolutionGuid = {71921577-0D31-462C-B5FD-1F9B92437507}
	EndGlobalSection
EndGlobal
